
Microsoft Visual Studio Solution File, Format Version 12.00
# Visual Studio Version 16
VisualStudioVersion = 16.0.30204.135
MinimumVisualStudioVersion = 10.0.40219.1
Project("{FAE04EC0-301F-11D3-BF4B-00C04F79EFBC}") = "calculator", "calculator\calculator.csproj", "{E4F79510-9E59-4263-8EA9-8B616D2EAD3D}"
EndProject
Project("{FAE04EC0-301F-11D3-BF4B-00C04F79EFBC}") = "UnitTests", "UnitTests\UnitTests.csproj", "{ADB0CEBA-1411-4448-A665-3E8217FC349D}"
EndProject
Global
	GlobalSection(SolutionConfigurationPlatforms) = preSolution
		Debug|Any CPU = Debug|Any CPU
		Release|Any CPU = Release|Any CPU
	EndGlobalSection
	GlobalSection(ProjectConfigurationPlatforms) = postSolution
		{E4F79510-9E59-4263-8EA9-8B616D2EAD3D}.Debug|Any CPU.ActiveCfg = Debug|Any CPU
		{E4F79510-9E59-4263-8EA9-8B616D2EAD3D}.Debug|Any CPU.Build.0 = Debug|Any CPU
		{E4F79510-9E59-4263-8EA9-8B616D2EAD3D}.Release|Any CPU.ActiveCfg = Release|Any CPU
		{E4F79510-9E59-4263-8EA9-8B616D2EAD3D}.Release|Any CPU.Build.0 = Release|Any CPU
		{ADB0CEBA-1411-4448-A665-3E8217FC349D}.Debug|Any CPU.ActiveCfg = Debug|Any CPU
		{ADB0CEBA-1411-4448-A665-3E8217FC349D}.Debug|Any CPU.Build.0 = Debug|Any CPU
		{ADB0CEBA-1411-4448-A665-3E8217FC349D}.Release|Any CPU.ActiveCfg = Release|Any CPU
		{ADB0CEBA-1411-4448-A665-3E8217FC349D}.Release|Any CPU.Build.0 = Release|Any CPU
	EndGlobalSection
	GlobalSection(SolutionProperties) = preSolution
		HideSolutionNode = FALSE
	EndGlobalSection
	GlobalSection(ExtensibilityGlobals) = postSolution
		SolutionGuid = {8FF5AA45-E962-47E0-B500-105FF10DF0B9}
	EndGlobalSection
EndGlobal
